{
  "version": "3",
  "remote": {
    "https://deno.land/std@0.221.0/assert/assert.ts": "bec068b2fccdd434c138a555b19a2c2393b71dfaada02b7d568a01541e67cdc5",
    "https://deno.land/std@0.221.0/assert/assertion_error.ts": "9f689a101ee586c4ce92f52fa7ddd362e86434ffdf1f848e45987dc7689976b8",
    "https://deno.land/std@0.221.0/console/_data.json": "cf2cc9d039a192b3adbfe64627167c7e6212704c888c25c769fc8f1709e1e1b8",
    "https://deno.land/std@0.221.0/console/_run_length.ts": "7da8642a0f4f41ac27c0adb1364e18886be856c1d08c5cce6c6b5c00543c8722",
    "https://deno.land/std@0.221.0/console/unicode_width.ts": "d92f085c0ab9c7ab171e4e7862dfd9d3a36ffd369939be5d3e1140ec58bc820f",
    "https://deno.land/std@0.221.0/fmt/colors.ts": "d239d84620b921ea520125d778947881f62c50e78deef2657073840b8af9559a",
    "https://deno.land/std@0.221.0/text/closest_string.ts": "8a91ee8b6d69ff96addcb7c251dad53b476ac8be9c756a0ef786abe9e13a93a5",
    "https://deno.land/std@0.221.0/text/levenshtein_distance.ts": "24be5cc88326bbba83ca7c1ea89259af0050cffda2817ff3a6d240ad6495eae2",
    "https://deno.land/std@0.223.0/datetime/constants.ts": "5df80a84e301da6db5793804122c034d2d090da31f1e1c5fdaa831fc70a45da7",
    "https://deno.land/std@0.223.0/datetime/difference.ts": "d0b7cd961d082414283d063d60f68ccf1ee769599335610bdbff7fa8a4b7c15e",
    "https://deno.land/std@0.223.0/semver/_constants.ts": "5ef89c5f33e6095546ae3e57920592feefcb8372d4cc05542f6bf15a1977e3c9",
    "https://deno.land/std@0.223.0/semver/_shared.ts": "5c53a675225cba9ad74ae2e17c124e333728fc2b551a13e8a32b99433b90c1c2",
    "https://deno.land/std@0.223.0/semver/compare.ts": "7b5610c25ded57dc4aa41034ee02857d1a6fff609ab183afea17849284f86236",
    "https://deno.land/std@0.223.0/semver/format.ts": "a4492b55a10210a10b9307491c0ec7f0c2475cc82af33de1c2565a15083b83df",
    "https://deno.land/std@0.223.0/semver/parse.ts": "94c09f3486643853e7438e64f2c6741462fbeb84cf141ad5bfe88b73ec4cb0f3",
    "https://deno.land/std@0.223.0/semver/try_parse.ts": "043204f1235243c3d02b66ffca2c37dc2941e417dbccaf6c3a15b476a33f0e24",
    "https://deno.land/std@0.223.0/semver/types.ts": "9286e72b160e25856608f4bc5f08f8f5ccba54e6cdfc9aba8adee68a355c4b36",
    "https://deno.land/x/cliffy@v1.0.0-rc.4/command/_argument_types.ts": "ab269dacea2030f865a07c2a1e953ec437a64419a05bad1f1ddaab3f99752ead",
    "https://deno.land/x/cliffy@v1.0.0-rc.4/command/_errors.ts": "d78e1b4d69d84b8b476b5f3c0b028e3906d48f21b8f1ca1d36d5abe9ccfe48bc",
    "https://deno.land/x/cliffy@v1.0.0-rc.4/command/_spread.ts": "0cc6eb70a6df97b5d7d26008822d39f3e8a1232ee0a27f395aa19e68de738245",
    "https://deno.land/x/cliffy@v1.0.0-rc.4/command/_type_utils.ts": "820004a59bc858e355b11f80e5b3ff1be2c87e66f31f53f253610170795602f0",
    "https://deno.land/x/cliffy@v1.0.0-rc.4/command/_utils.ts": "fa0e88cc4215b18554a7308e8e2ae3a12be0fb91c54d1473c54c530dbd4adfcb",
    "https://deno.land/x/cliffy@v1.0.0-rc.4/command/command.ts": "83cbece11c1459d5bc5add32c3cad0bf49e92c4ddd3ef00f22f80efdae30994e",
    "https://deno.land/x/cliffy@v1.0.0-rc.4/command/completions/_bash_completions_generator.ts": "0c6cb1df4d378d22f001155781d97a9c3519fd10c48187a198fef2cc63b0f84a",
    "https://deno.land/x/cliffy@v1.0.0-rc.4/command/completions/_fish_completions_generator.ts": "8ba4455f7f76a756e05c3db4ce35332b2951af65a2891f2750b530e06880f495",
    "https://deno.land/x/cliffy@v1.0.0-rc.4/command/completions/_zsh_completions_generator.ts": "9df79fbac17a32b9645d01628c41a2bfd295d7976b87b0ae235f50a9c8975fbc",
    "https://deno.land/x/cliffy@v1.0.0-rc.4/command/completions/bash.ts": "53fe78994eb2359110dc4fa79235bdd86800a38c1d6b1c4fe673c81756f3a0e2",
    "https://deno.land/x/cliffy@v1.0.0-rc.4/command/completions/complete.ts": "58df61caa5e6220ff2768636a69337923ad9d4b8c1932aeb27165081c4d07d8b",
    "https://deno.land/x/cliffy@v1.0.0-rc.4/command/completions/completions_command.ts": "506f97f1c6b0b1c3e9956e5069070028b818942310600d4157f64c9b644d3c49",
    "https://deno.land/x/cliffy@v1.0.0-rc.4/command/completions/fish.ts": "6f0b44b4067740b2931c9ec8863b6619b1d3410fea0c5a3988525a4c53059197",
    "https://deno.land/x/cliffy@v1.0.0-rc.4/command/completions/mod.ts": "8dda715ca25f3f66d5ec232b76d7c9a96dd4c64b5029feff91738cc0c9586fb1",
    "https://deno.land/x/cliffy@v1.0.0-rc.4/command/completions/zsh.ts": "f1263c3946975e090d4aadc8681db811d86b52a8ae680f246e03248025885c21",
    "https://deno.land/x/cliffy@v1.0.0-rc.4/command/deprecated.ts": "bbe6670f1d645b773d04b725b8b8e7814c862c9f1afba460c4d599ffe9d4983c",
    "https://deno.land/x/cliffy@v1.0.0-rc.4/command/deps.ts": "a58ea2fa4e2ed9b39bb8dd8c35dd0498c74f05392517ff230a9a4d04c4c766b7",
    "https://deno.land/x/cliffy@v1.0.0-rc.4/command/help/_help_generator.ts": "98619da83ff25523280a6fdcad89af3f13a6fafefc81b71f8230f3344b5ff2c5",
    "https://deno.land/x/cliffy@v1.0.0-rc.4/command/help/help_command.ts": "fbbf0c0827dd21d3cec7bcc68c00c20b55f53e2b621032891b9d23ac4191231c",
    "https://deno.land/x/cliffy@v1.0.0-rc.4/command/help/mod.ts": "8369b292761dcc9ddaf41f2d34bfb06fb6800b69efe80da4fc9752c3b890275b",
    "https://deno.land/x/cliffy@v1.0.0-rc.4/command/mod.ts": "4b708df1b97152522bee0e3828f06abbbc1d2250168910e5cf454950d7b7404b",
    "https://deno.land/x/cliffy@v1.0.0-rc.4/command/type.ts": "f588f5d9635b79100044e62aced4b00e510e75b83801f9b089c40c2d98674de2",
    "https://deno.land/x/cliffy@v1.0.0-rc.4/command/types.ts": "bc9ff7459b9cc1079eeb95ff101690a51b4b4afa4af5623340076ee361d08dbb",
    "https://deno.land/x/cliffy@v1.0.0-rc.4/command/types/action_list.ts": "33c98d449617c7a563a535c9ceb3741bde9f6363353fd492f90a74570c611c27",
    "https://deno.land/x/cliffy@v1.0.0-rc.4/command/types/boolean.ts": "3879ec16092b4b5b1a0acb8675f8c9250c0b8a972e1e4c7adfba8335bd2263ed",
    "https://deno.land/x/cliffy@v1.0.0-rc.4/command/types/child_command.ts": "f1fca390c7fbfa7a713ca15ef55c2c7656bcbb394d50e8ef54085bdf6dc22559",
    "https://deno.land/x/cliffy@v1.0.0-rc.4/command/types/command.ts": "325d0382e383b725fd8d0ef34ebaeae082c5b76a1f6f2e843fee5dbb1a4fe3ac",
    "https://deno.land/x/cliffy@v1.0.0-rc.4/command/types/enum.ts": "8a7cd2898e03089234083bb78c8b1d9b7172254c53c32d4710321638165a48ec",
    "https://deno.land/x/cliffy@v1.0.0-rc.4/command/types/file.ts": "8618f16ac9015c8589cbd946b3de1988cc4899b90ea251f3325c93c46745140e",
    "https://deno.land/x/cliffy@v1.0.0-rc.4/command/types/integer.ts": "29864725fd48738579d18123d7ee78fed37515e6dc62146c7544c98a82f1778d",
    "https://deno.land/x/cliffy@v1.0.0-rc.4/command/types/number.ts": "aeba96e6f470309317a16b308c82e0e4138a830ec79c9877e4622c682012bc1f",
    "https://deno.land/x/cliffy@v1.0.0-rc.4/command/types/string.ts": "e4dadb08a11795474871c7967beab954593813bb53d9f69ea5f9b734e43dc0e0",
    "https://deno.land/x/cliffy@v1.0.0-rc.4/command/upgrade/_check_version.ts": "6cfa7dc26bc0dc46381500e8d4b130fb224f4c5456152dada15bd3793edca89b",
    "https://deno.land/x/cliffy@v1.0.0-rc.4/command/upgrade/mod.ts": "4eff69c489467be17dea27fb95a795396111ee385d170ac0cbcc82f0ea38156c",
    "https://deno.land/x/cliffy@v1.0.0-rc.4/command/upgrade/provider.ts": "c23253334097dc4b8a147ccdeb3aa44f5a95aa953a6386cb5396f830d95d77a5",
    "https://deno.land/x/cliffy@v1.0.0-rc.4/command/upgrade/provider/deno_land.ts": "24f8d82e38c51e09be989f30f8ad21f9dd41ac1bb1973b443a13883e8ba06d6d",
    "https://deno.land/x/cliffy@v1.0.0-rc.4/command/upgrade/provider/github.ts": "99e1b133dd446c6aa79f69e69c46eb8bc1c968dd331c2a7d4064514a317c7b59",
    "https://deno.land/x/cliffy@v1.0.0-rc.4/command/upgrade/provider/nest_land.ts": "0e07936cea04fa41ac9297f32d87f39152ea873970c54cb5b4934b12fee1885e",
    "https://deno.land/x/cliffy@v1.0.0-rc.4/command/upgrade/upgrade_command.ts": "27191f4b1ce93581b6d5ee2fff6003fe4fca437f476ecb98b6eae92f2b4d0716",
    "https://deno.land/x/cliffy@v1.0.0-rc.4/flags/_errors.ts": "f1fbb6bfa009e7950508c9d491cfb4a5551027d9f453389606adb3f2327d048f",
    "https://deno.land/x/cliffy@v1.0.0-rc.4/flags/_utils.ts": "25e519ce1f35acc8b43c75d1ca1c4ab591e7dab08327b7b408705b591e27d8bd",
    "https://deno.land/x/cliffy@v1.0.0-rc.4/flags/_validate_flags.ts": "e60b9038c0136ab7e6bd1baf0e993a07bf23f18afbfb6e12c59adf665a622957",
    "https://deno.land/x/cliffy@v1.0.0-rc.4/flags/deprecated.ts": "a72a35de3cc7314e5ebea605ca23d08385b218ef171c32a3f135fb4318b08126",
    "https://deno.land/x/cliffy@v1.0.0-rc.4/flags/deps.ts": "bed26afff36eeb25509440edec9d5d141b3411e08cc7a90e38a370969b5166bb",
    "https://deno.land/x/cliffy@v1.0.0-rc.4/flags/flags.ts": "3e62c4a9756b5705aada29e7e94847001356b3a83cd18ad56f4207387a71cf51",
    "https://deno.land/x/cliffy@v1.0.0-rc.4/flags/types.ts": "9e2f75edff2217d972fc711a21676a59dfd88378da2f1ace440ea84c07db1dcc",
    "https://deno.land/x/cliffy@v1.0.0-rc.4/flags/types/boolean.ts": "4c026dd66ec9c5436860dc6d0241427bdb8d8e07337ad71b33c08193428a2236",
    "https://deno.land/x/cliffy@v1.0.0-rc.4/flags/types/integer.ts": "b60d4d590f309ddddf066782d43e4dc3799f0e7d08e5ede7dc62a5ee94b9a6d9",
    "https://deno.land/x/cliffy@v1.0.0-rc.4/flags/types/number.ts": "610936e2d29de7c8c304b65489a75ebae17b005c6122c24e791fbed12444d51e",
    "https://deno.land/x/cliffy@v1.0.0-rc.4/flags/types/string.ts": "e89b6a5ce322f65a894edecdc48b44956ec246a1d881f03e97bbda90dd8638c5",
    "https://deno.land/x/cliffy@v1.0.0-rc.4/table/_layout.ts": "73a9bcb8a87b3a6817c4c9d2a31a21b874a7dd690ade1c64c9a1f066d628d626",
    "https://deno.land/x/cliffy@v1.0.0-rc.4/table/_utils.ts": "13390db3f11977b7a4fc1202fa8386be14696b475a7f46a65178354f9a6640b7",
    "https://deno.land/x/cliffy@v1.0.0-rc.4/table/border.ts": "5c6e9ef5078c6930169aacb668b274bdbb498461c724a7693ac9270fe9d3f5d5",
    "https://deno.land/x/cliffy@v1.0.0-rc.4/table/cell.ts": "65e3ee699c3cebeb4d4d44e8f156e37a8532a0f317359d73178a95724d3f9267",
    "https://deno.land/x/cliffy@v1.0.0-rc.4/table/column.ts": "cf14009f2cb14bad156f879946186c1893acdc6a2fee6845db152edddb6a2714",
    "https://deno.land/x/cliffy@v1.0.0-rc.4/table/consume_words.ts": "369d065dbf7f15c664ea8523e0ef750fb952aea6d88e146c375e64aec9503052",
    "https://deno.land/x/cliffy@v1.0.0-rc.4/table/deps.ts": "cbb896e8d7a6b5e3c2b9dda7d16638c202d9b46eb738c2dae1fa9480d8091486",
    "https://deno.land/x/cliffy@v1.0.0-rc.4/table/row.ts": "79eb1468aafdd951e5963898cdafe0752d4ab4c519d5f847f3d8ecb8fe857d4f",
    "https://deno.land/x/cliffy@v1.0.0-rc.4/table/table.ts": "298671e72e61f1ab18b42ae36643181993f79e29b39dc411fdc6ffd53aa04684",
    "https://esm.sh/octokit@3.2.0?dts": "189641b799668de21fe130ca6daf45e77b38f07f485aedc940f2a1166ae7b483",
    "https://esm.sh/v135/@octokit/app@14.0.2/denonext/app.mjs": "4334bfe731978a9e3275cb53c26d9f1a78d202e926c9c6571765885350a678d4",
    "https://esm.sh/v135/@octokit/app@14.1.0/denonext/app.mjs": "92e472fb110e57634367d36958f4a3868fc3e4da0b0d1cc9354498acccc209b9",
    "https://esm.sh/v135/@octokit/auth-app@6.0.1/denonext/auth-app.mjs": "14a0d001c97de201f2494ed78be41009d190df4e24878209805dca4ccb61a205",
    "https://esm.sh/v135/@octokit/auth-app@6.1.1/denonext/auth-app.mjs": "ffe4501d5fd234925c0bb75bf7e2bec2bcbcbfb88b610a6fca89c1f8a28c29e8",
    "https://esm.sh/v135/@octokit/auth-oauth-app@7.0.1/denonext/auth-oauth-app.mjs": "5db38d887d10dd263d764a53836e1874e87a5d3daceee2610f4f847bfa7b36e4",
    "https://esm.sh/v135/@octokit/auth-oauth-app@7.1.0/denonext/auth-oauth-app.mjs": "f1eb5fe54730576cfa0e6a0386568e77e31b5fa29826aba196b0d1d4e57c8f07",
    "https://esm.sh/v135/@octokit/auth-oauth-device@6.0.1/denonext/auth-oauth-device.mjs": "7c910565cee30ef3b4de188f7a65c1fac550645556e3471e3836065764bb6414",
    "https://esm.sh/v135/@octokit/auth-oauth-device@6.1.0/denonext/auth-oauth-device.mjs": "5ef9663d03309e5ceeec8126f3b5fd20bcfaff7640fe81bb86fd97c1cd17cb74",
    "https://esm.sh/v135/@octokit/auth-oauth-user@4.0.1/denonext/auth-oauth-user.mjs": "553289459a184ba043e4e562365107cf8836c34c212017d72bfe57b67aa0e19b",
    "https://esm.sh/v135/@octokit/auth-oauth-user@4.1.0/denonext/auth-oauth-user.mjs": "554c1d7290be52e6d700ab021de29e64b0f29e4c99ab51d851b8442422287328",
    "https://esm.sh/v135/@octokit/auth-token@4.0.0/denonext/auth-token.mjs": "ab9285959f2bc3ca7942bfb81df3e2f15f5895c829455156647faa403b75703b",
    "https://esm.sh/v135/@octokit/auth-unauthenticated@5.0.1/denonext/auth-unauthenticated.mjs": "df223324a50c37e1c1a30540cfc7734e0963def74e1b291b2b63e0e14b87ab12",
    "https://esm.sh/v135/@octokit/core@5.0.2/denonext/core.mjs": "4d8d486843690723fe2f314d80c7a7783450064dc6fae231f05c755e227038ec",
    "https://esm.sh/v135/@octokit/core@5.1.0/denonext/core.mjs": "2be23e93aca0e45521d881fb583d52da332df4c6587aa46740f7a9362e86b634",
    "https://esm.sh/v135/@octokit/core@5.2.0/denonext/core.mjs": "2bb7da944dbebeed79f1d2fe6afee247dc9f733b66e6242092268767afa6d571",
    "https://esm.sh/v135/@octokit/endpoint@9.0.2/denonext/endpoint.mjs": "1a7a902350655f7c029a1a98e045bdf9743224fdda396ea14bd5e1876baa1998",
    "https://esm.sh/v135/@octokit/endpoint@9.0.4/denonext/endpoint.mjs": "d6a3b9d471d2ff2d1fb5b736ebba9589bfcadc0a563ec4e51adc423fdb2e91d2",
    "https://esm.sh/v135/@octokit/graphql@7.0.2/denonext/graphql.mjs": "72aa9d18b1ba8bf45a778e7c1287ee6eb110c4e0dd9d0de56dab96ea7456e6c9",
    "https://esm.sh/v135/@octokit/graphql@7.1.0/denonext/graphql.mjs": "4e0ba99cae80d01f7ec5ed6ada2304d799dc365e6f4094604167b621ff7d0d3f",
    "https://esm.sh/v135/@octokit/oauth-app@6.0.0/denonext/oauth-app.mjs": "a657094cb2a799a4ba7364351fdfe83af1d21c51d2d1ac8dd09006b1c235b904",
    "https://esm.sh/v135/@octokit/oauth-app@6.1.0/denonext/oauth-app.mjs": "fe28dc9b3e74677ee4f505aedcd8ba65710535b50d9f68ad239abd267243c00d",
    "https://esm.sh/v135/@octokit/oauth-authorization-url@6.0.2/denonext/oauth-authorization-url.mjs": "c4a3809c1092ab4135bbb65ba82e885b915a3e0b68e8c9554c98766388baa399",
    "https://esm.sh/v135/@octokit/oauth-methods@4.0.0/denonext/oauth-methods.mjs": "359d27e6a203d839ab9d9019baab5e48f30c006e112875e55e0573f5d048edd8",
    "https://esm.sh/v135/@octokit/oauth-methods@4.1.0/denonext/oauth-methods.mjs": "53e67f7f2abea8be67557ff550c0beb523de3f4e500a68219cd47173227a1e6e",
    "https://esm.sh/v135/@octokit/plugin-paginate-graphql@4.0.1/denonext/plugin-paginate-graphql.mjs": "3b08c9e4c40c275189f7495c2018dc7103030d563eb9da8229c82276cd76b3a0",
    "https://esm.sh/v135/@octokit/plugin-paginate-rest@9.1.4/denonext/plugin-paginate-rest.mjs": "6c9ba63573f33f1d8fb57ba720c8f7ebca633767cd9a0e0e3fa25c2fa91cbaa1",
    "https://esm.sh/v135/@octokit/plugin-paginate-rest@9.2.1/denonext/plugin-paginate-rest.mjs": "a9b5363d02873d799913c564c89197236fca4a2470a48a66757760341ad2ac0f",
    "https://esm.sh/v135/@octokit/plugin-rest-endpoint-methods@10.4.1/denonext/plugin-rest-endpoint-methods.mjs": "eb5d4bb8813a3f107524ee727c6f36c546e1a23cd7d785454b75c0618c04db0a",
    "https://esm.sh/v135/@octokit/plugin-retry@6.0.1/denonext/plugin-retry.mjs": "748a9c9f95567f793f79f6c46f26ec27fc3f4c99ba024ad278cd4768d94fc2bf",
    "https://esm.sh/v135/@octokit/plugin-throttling@8.2.0/denonext/plugin-throttling.mjs": "3421d26b034ef608bc1d08322cf820b3134614e01825d7ce1fb90d828266d009",
    "https://esm.sh/v135/@octokit/request-error@5.0.1/denonext/request-error.mjs": "29545da3e16820c62df13044b08c0238e1b26b0cdaaaaad5049899f45a75b8a8",
    "https://esm.sh/v135/@octokit/request-error@5.1.0/denonext/request-error.mjs": "0d7d746d259a2be24a0cd3a3f64eefa3d756f13b873a9abcf41423d2bdec1af2",
    "https://esm.sh/v135/@octokit/request@8.1.5/denonext/request.mjs": "566127b020f1790f6e79217464ca2c633381497b78b197031d11168c99896d81",
    "https://esm.sh/v135/@octokit/request@8.1.6/denonext/request.mjs": "9a63ba0df8cc60838b04851ea1b18ec989131ace2641f2ea540127b4328934f1",
    "https://esm.sh/v135/@octokit/request@8.3.1/denonext/request.mjs": "3275dd18b9290a8f74087d44effff45bdde9413cf1d1375e56f2db745cd89e7f",
    "https://esm.sh/v135/@octokit/request@8.4.0/denonext/request.mjs": "a1f63775a6c089a6b286b6e833643b3f253a532b1d538bf6dfd7b3e9396072c3",
    "https://esm.sh/v135/@octokit/webhooks-methods@4.0.0/denonext/webhooks-methods.mjs": "b44d80a07e6e698c95a2fc2789e2caf10b4ff821300e947b2e79c449453a7a19",
    "https://esm.sh/v135/@octokit/webhooks-methods@4.1.0/denonext/webhooks-methods.mjs": "fb27c9ef41f135c652950a51b37aec02b58eda37fe7454531e6738a3840ea718",
    "https://esm.sh/v135/@octokit/webhooks@12.0.8/denonext/webhooks.mjs": "17e72b77385247c8b81b9baeaf65b30a95eb80d7e4a442856033c5a13490e77e",
    "https://esm.sh/v135/@octokit/webhooks@12.2.0/denonext/webhooks.mjs": "6f4bf5e0e145f9a04c768a2e6f69f39bd80495221c0afc3f22e4045f01cd9fd2",
    "https://esm.sh/v135/aggregate-error@3.1.0/denonext/aggregate-error.mjs": "7f1b0c33a6a93091f69cf635c21670b53e1cc5f8dde9042ad7e4fbf371237aba",
    "https://esm.sh/v135/before-after-hook@2.2.3/denonext/before-after-hook.mjs": "f4262d059d899d7fcaa8d903bcf352df38ac1c040bb45273d79de200ffdad267",
    "https://esm.sh/v135/bottleneck@2.19.5/denonext/light.js": "964cbaaa1bf999d34a2410023ae269f921c82c72009c707a1fd02fb6abad5b1d",
    "https://esm.sh/v135/btoa-lite@1.0.0/denonext/btoa-lite.mjs": "5f8ecdf77c8824225e30cf84b62ded0fa667ef51fe1a8b772b1ddf46410bf78f",
    "https://esm.sh/v135/clean-stack@2.2.0/denonext/clean-stack.mjs": "8a2732fd195c0663d9f8a3957932215f3d4cb45dbe2f4747c9f39a966a4f067b",
    "https://esm.sh/v135/deprecation@2.3.1/denonext/deprecation.mjs": "0bf7139d1068345709e59dddb4daea315691d290a8c896a6e076dea02dd66eaf",
    "https://esm.sh/v135/indent-string@4.0.0/denonext/indent-string.mjs": "de4038b836a42fe2a7c453bd0b44cdae706a9560bbef99b1857c13f9d55ace14",
    "https://esm.sh/v135/is-plain-object@5.0.0/denonext/is-plain-object.mjs": "6d9568ddc8b90de99a46c63e14984810280b6b021dc4e478803b3c240811985f",
    "https://esm.sh/v135/lru-cache@10.0.3/denonext/lru-cache.mjs": "2d4e2536e768b1b5f84e7e0fddd277d007925b6377b7971497383ff1e47a75e6",
    "https://esm.sh/v135/lru-cache@10.2.0/denonext/lru-cache.mjs": "f524a6e9a51f3da40659f7ad3ad251e55e18b7ae807ea3a9a546f355e7c426bb",
    "https://esm.sh/v135/octokit@3.2.0/denonext/octokit.mjs": "c613d7a5c0735aa1ab23d04663f99b159f222c8f313f7a0737a7f84d5b4ac750",
    "https://esm.sh/v135/once@1.4.0/denonext/once.mjs": "5ab9193c36609f6c5cf6f1e2e37dd952c87d8ff0b0267433c29b228a2c470cd5",
    "https://esm.sh/v135/universal-github-app-jwt@1.1.1/denonext/universal-github-app-jwt.mjs": "546280ef9d50e167172bc039c0c2f4348a728ae1732f467af726b08491d2ea18",
    "https://esm.sh/v135/universal-github-app-jwt@1.1.2/denonext/universal-github-app-jwt.mjs": "76073402bb3e4adb50c79a381c07861fa374b1c5c8a73d0df160c45629bb09fd",
    "https://esm.sh/v135/universal-user-agent@6.0.1/denonext/universal-user-agent.mjs": "053324bcacbaf066d185d6bf0a3797ee474d975f720ce75351238e420fc82c22",
    "https://esm.sh/v135/wrappy@1.0.2/denonext/wrappy.mjs": "3c31e4782e0307cf56b319fcec6110f925dafe6cb47a8fa23350d480f5fa8b06"
  }
}
